
Microsoft Visual Studio Solution File, Format Version 12.00
# Visual Studio Version 16
VisualStudioVersion = 16.0.30523.141
MinimumVisualStudioVersion = 10.0.40219.1
Project("{FAE04EC0-301F-11D3-BF4B-00C04F79EFBC}") = "Ejercicio 1 Tema 3", "Ejercicio 1 Tema 3\Ejercicio 1 Tema 3.csproj", "{B34D2E04-BC21-4803-87E4-EB45E9EE1702}"
EndProject
Global
	GlobalSection(SolutionConfigurationPlatforms) = preSolution
		Debug|Any CPU = Debug|Any CPU
		Release|Any CPU = Release|Any CPU
	EndGlobalSection
	GlobalSection(ProjectConfigurationPlatforms) = postSolution
		{B34D2E04-BC21-4803-87E4-EB45E9EE1702}.Debug|Any CPU.ActiveCfg = Debug|Any CPU
		{B34D2E04-BC21-4803-87E4-EB45E9EE1702}.Debug|Any CPU.Build.0 = Debug|Any CPU
		{B34D2E04-BC21-4803-87E4-EB45E9EE1702}.Release|Any CPU.ActiveCfg = Release|Any CPU
		{B34D2E04-BC21-4803-87E4-EB45E9EE1702}.Release|Any CPU.Build.0 = Release|Any CPU
	EndGlobalSection
	GlobalSection(SolutionProperties) = preSolution
		HideSolutionNode = FALSE
	EndGlobalSection
	GlobalSection(ExtensibilityGlobals) = postSolution
		SolutionGuid = {0A2AE6F2-22FC-4DEE-A3F3-27E4EA190196}
	EndGlobalSection
EndGlobal
